
Microsoft Visual Studio Solution File, Format Version 12.00
# Visual Studio Version 16
VisualStudioVersion = 16.0.0.0
MinimumVisualStudioVersion = 16.0.0.0
Project("{9A19103F-16F7-4668-BE54-9A1E7A4F7556}") = "VideoNote.Server", "VideoNote.Server\VideoNote.Server.csproj", "{E8E5E774-CC70-42B2-94FE-0A189BF7E970}"
EndProject
Project("{9A19103F-16F7-4668-BE54-9A1E7A4F7556}") = "VideoNote.Client", "VideoNote.Client\VideoNote.Client.csproj", "{A3CB69FB-7B73-4CCE-A975-7712C106F2D7}"
EndProject
Project("{FAE04EC0-301F-11D3-BF4B-00C04F79EFBC}") = "VideoNote.Shared", "VideoNote.Shared\VideoNote.Shared.csproj", "{71A91BC9-CBAE-4C8A-96B8-49B92F0DBF75}"
EndProject
Project("{2150E333-8FDC-42A3-9474-1A3956D46DE8}") = "tests", "tests", "{0AB3BF05-4346-4AA6-1389-037BE0695223}"
EndProject
Project("{FAE04EC0-301F-11D3-BF4B-00C04F79EFBC}") = "VideoNote.Server.Tests", "tests\VideoNote.Server.Tests\VideoNote.Server.Tests.csproj", "{4E995F03-96E2-4F03-9E34-9C74248DB3DA}"
EndProject
Global
	GlobalSection(SolutionConfigurationPlatforms) = preSolution
		Debug|Any CPU = Debug|Any CPU
		Debug|x64 = Debug|x64
		Debug|x86 = Debug|x86
		Release|Any CPU = Release|Any CPU
		Release|x64 = Release|x64
		Release|x86 = Release|x86
	EndGlobalSection
	GlobalSection(ProjectConfigurationPlatforms) = postSolution
		{E8E5E774-CC70-42B2-94FE-0A189BF7E970}.Debug|Any CPU.ActiveCfg = Debug|Any CPU
		{E8E5E774-CC70-42B2-94FE-0A189BF7E970}.Debug|Any CPU.Build.0 = Debug|Any CPU
		{E8E5E774-CC70-42B2-94FE-0A189BF7E970}.Debug|x64.ActiveCfg = Debug|Any CPU
		{E8E5E774-CC70-42B2-94FE-0A189BF7E970}.Debug|x64.Build.0 = Debug|Any CPU
		{E8E5E774-CC70-42B2-94FE-0A189BF7E970}.Debug|x86.ActiveCfg = Debug|Any CPU
		{E8E5E774-CC70-42B2-94FE-0A189BF7E970}.Debug|x86.Build.0 = Debug|Any CPU
		{E8E5E774-CC70-42B2-94FE-0A189BF7E970}.Release|Any CPU.ActiveCfg = Release|Any CPU
		{E8E5E774-CC70-42B2-94FE-0A189BF7E970}.Release|Any CPU.Build.0 = Release|Any CPU
		{E8E5E774-CC70-42B2-94FE-0A189BF7E970}.Release|x64.ActiveCfg = Release|Any CPU
		{E8E5E774-CC70-42B2-94FE-0A189BF7E970}.Release|x64.Build.0 = Release|Any CPU
		{E8E5E774-CC70-42B2-94FE-0A189BF7E970}.Release|x86.ActiveCfg = Release|Any CPU
		{E8E5E774-CC70-42B2-94FE-0A189BF7E970}.Release|x86.Build.0 = Release|Any CPU
		{A3CB69FB-7B73-4CCE-A975-7712C106F2D7}.Debug|Any CPU.ActiveCfg = Debug|Any CPU
		{A3CB69FB-7B73-4CCE-A975-7712C106F2D7}.Debug|Any CPU.Build.0 = Debug|Any CPU
		{A3CB69FB-7B73-4CCE-A975-7712C106F2D7}.Debug|x64.ActiveCfg = Debug|Any CPU
		{A3CB69FB-7B73-4CCE-A975-7712C106F2D7}.Debug|x64.Build.0 = Debug|Any CPU
		{A3CB69FB-7B73-4CCE-A975-7712C106F2D7}.Debug|x86.ActiveCfg = Debug|Any CPU
		{A3CB69FB-7B73-4CCE-A975-7712C106F2D7}.Debug|x86.Build.0 = Debug|Any CPU
		{A3CB69FB-7B73-4CCE-A975-7712C106F2D7}.Release|Any CPU.ActiveCfg = Release|Any CPU
		{A3CB69FB-7B73-4CCE-A975-7712C106F2D7}.Release|Any CPU.Build.0 = Release|Any CPU
		{A3CB69FB-7B73-4CCE-A975-7712C106F2D7}.Release|x64.ActiveCfg = Release|Any CPU
		{A3CB69FB-7B73-4CCE-A975-7712C106F2D7}.Release|x64.Build.0 = Release|Any CPU
		{A3CB69FB-7B73-4CCE-A975-7712C106F2D7}.Release|x86.ActiveCfg = Release|Any CPU
		{A3CB69FB-7B73-4CCE-A975-7712C106F2D7}.Release|x86.Build.0 = Release|Any CPU
		{71A91BC9-CBAE-4C8A-96B8-49B92F0DBF75}.Debug|Any CPU.ActiveCfg = Debug|Any CPU
		{71A91BC9-CBAE-4C8A-96B8-49B92F0DBF75}.Debug|Any CPU.Build.0 = Debug|Any CPU
		{71A91BC9-CBAE-4C8A-96B8-49B92F0DBF75}.Debug|x64.ActiveCfg = Debug|Any CPU
		{71A91BC9-CBAE-4C8A-96B8-49B92F0DBF75}.Debug|x64.Build.0 = Debug|Any CPU
		{71A91BC9-CBAE-4C8A-96B8-49B92F0DBF75}.Debug|x86.ActiveCfg = Debug|Any CPU
		{71A91BC9-CBAE-4C8A-96B8-49B92F0DBF75}.Debug|x86.Build.0 = Debug|Any CPU
		{71A91BC9-CBAE-4C8A-96B8-49B92F0DBF75}.Release|Any CPU.ActiveCfg = Release|Any CPU
		{71A91BC9-CBAE-4C8A-96B8-49B92F0DBF75}.Release|Any CPU.Build.0 = Release|Any CPU
		{71A91BC9-CBAE-4C8A-96B8-49B92F0DBF75}.Release|x64.ActiveCfg = Release|Any CPU
		{71A91BC9-CBAE-4C8A-96B8-49B92F0DBF75}.Release|x64.Build.0 = Release|Any CPU
		{71A91BC9-CBAE-4C8A-96B8-49B92F0DBF75}.Release|x86.ActiveCfg = Release|Any CPU
		{71A91BC9-CBAE-4C8A-96B8-49B92F0DBF75}.Release|x86.Build.0 = Release|Any CPU
		{4E995F03-96E2-4F03-9E34-9C74248DB3DA}.Debug|Any CPU.ActiveCfg = Debug|Any CPU
		{4E995F03-96E2-4F03-9E34-9C74248DB3DA}.Debug|Any CPU.Build.0 = Debug|Any CPU
		{4E995F03-96E2-4F03-9E34-9C74248DB3DA}.Debug|x64.ActiveCfg = Debug|Any CPU
		{4E995F03-96E2-4F03-9E34-9C74248DB3DA}.Debug|x64.Build.0 = Debug|Any CPU
		{4E995F03-96E2-4F03-9E34-9C74248DB3DA}.Debug|x86.ActiveCfg = Debug|Any CPU
		{4E995F03-96E2-4F03-9E34-9C74248DB3DA}.Debug|x86.Build.0 = Debug|Any CPU
		{4E995F03-96E2-4F03-9E34-9C74248DB3DA}.Release|Any CPU.ActiveCfg = Release|Any CPU
		{4E995F03-96E2-4F03-9E34-9C74248DB3DA}.Release|Any CPU.Build.0 = Release|Any CPU
		{4E995F03-96E2-4F03-9E34-9C74248DB3DA}.Release|x64.ActiveCfg = Release|Any CPU
		{4E995F03-96E2-4F03-9E34-9C74248DB3DA}.Release|x64.Build.0 = Release|Any CPU
		{4E995F03-96E2-4F03-9E34-9C74248DB3DA}.Release|x86.ActiveCfg = Release|Any CPU
		{4E995F03-96E2-4F03-9E34-9C74248DB3DA}.Release|x86.Build.0 = Release|Any CPU
	EndGlobalSection
	GlobalSection(SolutionProperties) = preSolution
		HideSolutionNode = FALSE
	EndGlobalSection
	GlobalSection(NestedProjects) = preSolution
		{4E995F03-96E2-4F03-9E34-9C74248DB3DA} = {0AB3BF05-4346-4AA6-1389-037BE0695223}
	EndGlobalSection
	GlobalSection(ExtensibilityGlobals) = postSolution
		SolutionGuid = {380C3216-BA20-4785-8362-4177A3BDF912}
	EndGlobalSection
EndGlobal
